
Microsoft Visual Studio Solution File, Format Version 12.00
# Visual Studio 15
VisualStudioVersion = 15.0.26124.0
MinimumVisualStudioVersion = 15.0.26124.0
Project("{2150E333-8FDC-42A3-9474-1A3956D46DE8}") = "src", "src", "{3DAFB2D5-5C19-4258-9F0F-3C7A56575BB3}"
EndProject
Project("{FAE04EC0-301F-11D3-BF4B-00C04F79EFBC}") = "CommandAPI", "src\CommandAPI\CommandAPI.csproj", "{32418F38-5CA3-4CD2-9517-C2A87A9F8BEE}"
EndProject
Project("{2150E333-8FDC-42A3-9474-1A3956D46DE8}") = "test", "test", "{0CB807A4-69F9-4238-A0BE-373A7DEA513B}"
EndProject
Project("{FAE04EC0-301F-11D3-BF4B-00C04F79EFBC}") = "CommandAPI.Tests", "test\CommandAPI.Tests\CommandAPI.Tests.csproj", "{F19F4786-1C3E-4467-B792-EDDC97E35FB8}"
EndProject
Global
	GlobalSection(SolutionConfigurationPlatforms) = preSolution
		Debug|Any CPU = Debug|Any CPU
		Debug|x64 = Debug|x64
		Debug|x86 = Debug|x86
		Release|Any CPU = Release|Any CPU
		Release|x64 = Release|x64
		Release|x86 = Release|x86
	EndGlobalSection
	GlobalSection(SolutionProperties) = preSolution
		HideSolutionNode = FALSE
	EndGlobalSection
	GlobalSection(ProjectConfigurationPlatforms) = postSolution
		{32418F38-5CA3-4CD2-9517-C2A87A9F8BEE}.Debug|Any CPU.ActiveCfg = Debug|Any CPU
		{32418F38-5CA3-4CD2-9517-C2A87A9F8BEE}.Debug|Any CPU.Build.0 = Debug|Any CPU
		{32418F38-5CA3-4CD2-9517-C2A87A9F8BEE}.Debug|x64.ActiveCfg = Debug|Any CPU
		{32418F38-5CA3-4CD2-9517-C2A87A9F8BEE}.Debug|x64.Build.0 = Debug|Any CPU
		{32418F38-5CA3-4CD2-9517-C2A87A9F8BEE}.Debug|x86.ActiveCfg = Debug|Any CPU
		{32418F38-5CA3-4CD2-9517-C2A87A9F8BEE}.Debug|x86.Build.0 = Debug|Any CPU
		{32418F38-5CA3-4CD2-9517-C2A87A9F8BEE}.Release|Any CPU.ActiveCfg = Release|Any CPU
		{32418F38-5CA3-4CD2-9517-C2A87A9F8BEE}.Release|Any CPU.Build.0 = Release|Any CPU
		{32418F38-5CA3-4CD2-9517-C2A87A9F8BEE}.Release|x64.ActiveCfg = Release|Any CPU
		{32418F38-5CA3-4CD2-9517-C2A87A9F8BEE}.Release|x64.Build.0 = Release|Any CPU
		{32418F38-5CA3-4CD2-9517-C2A87A9F8BEE}.Release|x86.ActiveCfg = Release|Any CPU
		{32418F38-5CA3-4CD2-9517-C2A87A9F8BEE}.Release|x86.Build.0 = Release|Any CPU
		{F19F4786-1C3E-4467-B792-EDDC97E35FB8}.Debug|Any CPU.ActiveCfg = Debug|Any CPU
		{F19F4786-1C3E-4467-B792-EDDC97E35FB8}.Debug|Any CPU.Build.0 = Debug|Any CPU
		{F19F4786-1C3E-4467-B792-EDDC97E35FB8}.Debug|x64.ActiveCfg = Debug|Any CPU
		{F19F4786-1C3E-4467-B792-EDDC97E35FB8}.Debug|x64.Build.0 = Debug|Any CPU
		{F19F4786-1C3E-4467-B792-EDDC97E35FB8}.Debug|x86.ActiveCfg = Debug|Any CPU
		{F19F4786-1C3E-4467-B792-EDDC97E35FB8}.Debug|x86.Build.0 = Debug|Any CPU
		{F19F4786-1C3E-4467-B792-EDDC97E35FB8}.Release|Any CPU.ActiveCfg = Release|Any CPU
		{F19F4786-1C3E-4467-B792-EDDC97E35FB8}.Release|Any CPU.Build.0 = Release|Any CPU
		{F19F4786-1C3E-4467-B792-EDDC97E35FB8}.Release|x64.ActiveCfg = Release|Any CPU
		{F19F4786-1C3E-4467-B792-EDDC97E35FB8}.Release|x64.Build.0 = Release|Any CPU
		{F19F4786-1C3E-4467-B792-EDDC97E35FB8}.Release|x86.ActiveCfg = Release|Any CPU
		{F19F4786-1C3E-4467-B792-EDDC97E35FB8}.Release|x86.Build.0 = Release|Any CPU
	EndGlobalSection
	GlobalSection(NestedProjects) = preSolution
		{32418F38-5CA3-4CD2-9517-C2A87A9F8BEE} = {3DAFB2D5-5C19-4258-9F0F-3C7A56575BB3}
		{F19F4786-1C3E-4467-B792-EDDC97E35FB8} = {0CB807A4-69F9-4238-A0BE-373A7DEA513B}
	EndGlobalSection
EndGlobal
